{
  "name": "pdfjs-dist",
  "version": "2.5.207",
  "lockfileVersion": 3,
  "requires": true,
  "packages": {
    "": {
      "name": "pdfjs-dist",
      "version": "2.5.207",
      "license": "Apache-2.0",
      "dependencies": {
        "pdfjs-dist": "file:"
      }
    },
    "node_modules/pdfjs-dist": {
      "resolved": "",
      "link": true
    }
  }
}
